
Microsoft Visual Studio Solution File, Format Version 12.00
# Visual Studio Version 17
VisualStudioVersion = 17.10.35013.160
MinimumVisualStudioVersion = 10.0.40219.1
Project("{FAE04EC0-301F-11D3-BF4B-00C04F79EFBC}") = "EliteBoost.Server", "EliteBoost.Server\EliteBoost.Server.csproj", "{B5D45325-FBD6-4EFA-99D3-6D835D09925B}"
EndProject
Project("{54A90642-561A-4BB1-A94E-469ADEE60C69}") = "eliteboost.client", "eliteboost.client\eliteboost.client.esproj", "{AF073D88-D8F8-4D62-9BFB-78850C330AAB}"
EndProject
Global
	GlobalSection(SolutionConfigurationPlatforms) = preSolution
		Debug|Any CPU = Debug|Any CPU
		Release|Any CPU = Release|Any CPU
	EndGlobalSection
	GlobalSection(ProjectConfigurationPlatforms) = postSolution
		{B5D45325-FBD6-4EFA-99D3-6D835D09925B}.Debug|Any CPU.ActiveCfg = Debug|Any CPU
		{B5D45325-FBD6-4EFA-99D3-6D835D09925B}.Debug|Any CPU.Build.0 = Debug|Any CPU
		{B5D45325-FBD6-4EFA-99D3-6D835D09925B}.Release|Any CPU.ActiveCfg = Release|Any CPU
		{B5D45325-FBD6-4EFA-99D3-6D835D09925B}.Release|Any CPU.Build.0 = Release|Any CPU
		{AF073D88-D8F8-4D62-9BFB-78850C330AAB}.Debug|Any CPU.ActiveCfg = Debug|Any CPU
		{AF073D88-D8F8-4D62-9BFB-78850C330AAB}.Debug|Any CPU.Build.0 = Debug|Any CPU
		{AF073D88-D8F8-4D62-9BFB-78850C330AAB}.Debug|Any CPU.Deploy.0 = Debug|Any CPU
		{AF073D88-D8F8-4D62-9BFB-78850C330AAB}.Release|Any CPU.ActiveCfg = Release|Any CPU
		{AF073D88-D8F8-4D62-9BFB-78850C330AAB}.Release|Any CPU.Build.0 = Release|Any CPU
		{AF073D88-D8F8-4D62-9BFB-78850C330AAB}.Release|Any CPU.Deploy.0 = Release|Any CPU
	EndGlobalSection
	GlobalSection(SolutionProperties) = preSolution
		HideSolutionNode = FALSE
	EndGlobalSection
	GlobalSection(ExtensibilityGlobals) = postSolution
		SolutionGuid = {76E9B930-C556-42EB-84F7-22AB53A6C542}
	EndGlobalSection
EndGlobal
